
Microsoft Visual Studio Solution File, Format Version 12.00
Project("{FAE04EC0-301F-11D3-BF4B-00C04F79EFBC}") = "lab3.1", "lab3.1\lab3.1.csproj", "{4822736C-858D-4EDD-8327-C479679BBB6D}"
EndProject
Global
	GlobalSection(SolutionConfigurationPlatforms) = preSolution
		Debug|Any CPU = Debug|Any CPU
		Release|Any CPU = Release|Any CPU
	EndGlobalSection
	GlobalSection(ProjectConfigurationPlatforms) = postSolution
		{4822736C-858D-4EDD-8327-C479679BBB6D}.Debug|Any CPU.ActiveCfg = Debug|Any CPU
		{4822736C-858D-4EDD-8327-C479679BBB6D}.Debug|Any CPU.Build.0 = Debug|Any CPU
		{4822736C-858D-4EDD-8327-C479679BBB6D}.Release|Any CPU.ActiveCfg = Release|Any CPU
		{4822736C-858D-4EDD-8327-C479679BBB6D}.Release|Any CPU.Build.0 = Release|Any CPU
	EndGlobalSection
EndGlobal
